
Microsoft Visual Studio Solution File, Format Version 12.00
Project("{2150E333-8FDC-42A3-9474-1A3956D46DE8}") = "Example1_BasicUsage", "Example1_BasicUsage", "{AD7C3F5F-7195-4EAC-8ECA-6AE5CEA72B3E}"
EndProject
Project("{FAE04EC0-301F-11D3-BF4B-00C04F79EFBC}") = "ManagedLibrary", "Example1_BasicUsage\ManagedLibrary\ManagedLibrary.csproj", "{68C63AFC-DBAA-49C5-982D-BD0C901DB84C}"
EndProject
Project("{2150E333-8FDC-42A3-9474-1A3956D46DE8}") = "Example2_PassingData", "Example2_PassingData", "{773F2624-2FD0-44C4-9D47-0613B92EBD78}"
EndProject
Project("{FAE04EC0-301F-11D3-BF4B-00C04F79EFBC}") = "ManagedLibrary", "Example2_PassingData\ManagedLibrary\ManagedLibrary.csproj", "{E955EFB0-4A30-4AE8-8FF3-B1A59FA515F7}"
EndProject
Global
	GlobalSection(SolutionConfigurationPlatforms) = preSolution
		Debug|Any CPU = Debug|Any CPU
		Release|Any CPU = Release|Any CPU
	EndGlobalSection
	GlobalSection(NestedProjects) = preSolution
		{68C63AFC-DBAA-49C5-982D-BD0C901DB84C} = {AD7C3F5F-7195-4EAC-8ECA-6AE5CEA72B3E}
		{E955EFB0-4A30-4AE8-8FF3-B1A59FA515F7} = {773F2624-2FD0-44C4-9D47-0613B92EBD78}
	EndGlobalSection
	GlobalSection(ProjectConfigurationPlatforms) = postSolution
		{68C63AFC-DBAA-49C5-982D-BD0C901DB84C}.Debug|Any CPU.ActiveCfg = Debug|Any CPU
		{68C63AFC-DBAA-49C5-982D-BD0C901DB84C}.Debug|Any CPU.Build.0 = Debug|Any CPU
		{68C63AFC-DBAA-49C5-982D-BD0C901DB84C}.Release|Any CPU.ActiveCfg = Release|Any CPU
		{68C63AFC-DBAA-49C5-982D-BD0C901DB84C}.Release|Any CPU.Build.0 = Release|Any CPU
		{E955EFB0-4A30-4AE8-8FF3-B1A59FA515F7}.Debug|Any CPU.ActiveCfg = Debug|Any CPU
		{E955EFB0-4A30-4AE8-8FF3-B1A59FA515F7}.Debug|Any CPU.Build.0 = Debug|Any CPU
		{E955EFB0-4A30-4AE8-8FF3-B1A59FA515F7}.Release|Any CPU.ActiveCfg = Release|Any CPU
		{E955EFB0-4A30-4AE8-8FF3-B1A59FA515F7}.Release|Any CPU.Build.0 = Release|Any CPU
	EndGlobalSection
EndGlobal
